
Microsoft Visual Studio Solution File, Format Version 12.00
# Visual Studio Version 17
VisualStudioVersion = 17.14.36908.2 d17.14
MinimumVisualStudioVersion = 10.0.40219.1
Project("{FAE04EC0-301F-11D3-BF4B-00C04F79EFBC}") = "Uc_10_Ryan_Relacionamentos_Descricao_00004", "Uc_10_Ryan_Relacionamentos_Descricao_00004\Uc_10_Ryan_Relacionamentos_Descricao_00004.csproj", "{4FDF620B-9522-4A97-9725-BA02FAE5C228}"
EndProject
Global
	GlobalSection(SolutionConfigurationPlatforms) = preSolution
		Debug|Any CPU = Debug|Any CPU
		Release|Any CPU = Release|Any CPU
	EndGlobalSection
	GlobalSection(ProjectConfigurationPlatforms) = postSolution
		{4FDF620B-9522-4A97-9725-BA02FAE5C228}.Debug|Any CPU.ActiveCfg = Debug|Any CPU
		{4FDF620B-9522-4A97-9725-BA02FAE5C228}.Debug|Any CPU.Build.0 = Debug|Any CPU
		{4FDF620B-9522-4A97-9725-BA02FAE5C228}.Release|Any CPU.ActiveCfg = Release|Any CPU
		{4FDF620B-9522-4A97-9725-BA02FAE5C228}.Release|Any CPU.Build.0 = Release|Any CPU
	EndGlobalSection
	GlobalSection(SolutionProperties) = preSolution
		HideSolutionNode = FALSE
	EndGlobalSection
	GlobalSection(ExtensibilityGlobals) = postSolution
		SolutionGuid = {9E337888-5363-411D-96D9-E73F65FCFD3D}
	EndGlobalSection
EndGlobal
